<?xml version="1.0" encoding="utf-8"?>
<Project ToolsVersion="4.0" xmlns="http://schemas.microsoft.com/developer/msbuild/2003">
  <ItemGroup>
    <Filter Include="Source Files">
      <UniqueIdentifier>{4FC737F1-C7A5-4376-A066-2A32D752A2FF}</UniqueIdentifier>
      <Extensions>cpp;c;cc;cxx;c++;def;odl;idl;hpj;bat;asm;asmx</Extensions>
    </Filter>
    <Filter Include="Header Files">
      <UniqueIdentifier>{93995380-89BD-4b04-88EB-625FBE52EBFB}</UniqueIdentifier>
      <Extensions>h;hh;hpp;hxx;h++;hm;inl;inc;ipp;xsd</Extensions>
    </Filter>
    <Filter Include="Resource Files">
      <UniqueIdentifier>{67DA6AB6-F800-4c08-8B7A-83BB121AAD01}</UniqueIdentifier>
      <Extensions>rc;ico;cur;bmp;dlg;rc2;rct;bin;rgs;gif;jpg;jpeg;jpe;resx;tiff;tif;png;wav;mfcribbon-ms</Extensions>
    </Filter>
    <Filter Include="Header Files\Core">
      <UniqueIdentifier>{9cb26109-40f5-45ca-89a5-6fe727d2c6cd}</UniqueIdentifier>
    </Filter>
    <Filter Include="Source Files\Core">
      <UniqueIdentifier>{1b2c6194-2544-4b7d-8328-3d7b41cb4b58}</UniqueIdentifier>
    </Filter>
    <Filter Include="Header Files\ResourceManager">
      <UniqueIdentifier>{0f981b7d-ba4e-4e31-957d-a176a94bc3ca}</UniqueIdentifier>
    </Filter>
    <Filter Include="Source Files\ResourceManager">
      <UniqueIdentifier>{c95a1dd1-7932-44a3-99f0-773569ba2263}</UniqueIdentifier>
    </Filter>
    <Filter Include="Header Files\Object">
      <UniqueIdentifier>{387c950b-60e2-44cd-a53b-db11a56f0bd7}</UniqueIdentifier>
    </Filter>
    <Filter Include="Header Files\Animation">
      <UniqueIdentifier>{093c638d-9b30-4bef-aa21-cddb78c2a4e5}</UniqueIdentifier>
    </Filter>
    <Filter Include="Source Files\Animation">
      <UniqueIdentifier>{1e96812f-8688-4ddc-addb-16ca951e8ad6}</UniqueIdentifier>
    </Filter>
    <Filter Include="Source Files\Object">
      <UniqueIdentifier>{5985a8db-247b-4fd4-8c9f-33baa26f9531}</UniqueIdentifier>
    </Filter>
    <Filter Include="Source Files\UI">
      <UniqueIdentifier>{9c3ba63a-c2ff-4d61-83c5-4b2ef208960f}</UniqueIdentifier>
    </Filter>
    <Filter Include="Header Files\UI">
      <UniqueIdentifier>{a7e4bb3d-39ff-48bb-87bf-7ac9a41d6c7c}</UniqueIdentifier>
    </Filter>
    <Filter Include="Header Files\Other">
      <UniqueIdentifier>{4b4f973f-826a-4224-a6bc-abbf6bb843d2}</UniqueIdentifier>
    </Filter>
    <Filter Include="Header Files\Utils">
      <UniqueIdentifier>{9cb3d902-3b59-4550-90c7-03299045dd7a}</UniqueIdentifier>
    </Filter>
    <Filter Include="Source Files\Util">
      <UniqueIdentifier>{d1a61e5c-b675-4fab-95cf-2b72fa50a145}</UniqueIdentifier>
    </Filter>
    <Filter Include="Source Files\Other">
      <UniqueIdentifier>{c145d357-d258-49b0-a0ff-f62e8657ccfc}</UniqueIdentifier>
    </Filter>
  </ItemGroup>
  <ItemGroup>
    <ClInclude Include="KOD\IUpdatable.h">
      <Filter>Header Files</Filter>
    </ClInclude>
    <ClInclude Include="KOD\IDrawable.h">
      <Filter>Header Files</Filter>
    </ClInclude>
    <ClInclude Include="KOD\KOD_export.h">
      <Filter>Header Files</Filter>
    </ClInclude>
    <ClInclude Include="KOD\Collider.h">
      <Filter>Header Files</Filter>
    </ClInclude>
    <ClInclude Include="KOD\Game.h">
      <Filter>Header Files\Core</Filter>
    </ClInclude>
    <ClInclude Include="KOD\IState.h">
      <Filter>Header Files\Core</Filter>
    </ClInclude>
    <ClInclude Include="KOD\Settings.h">
      <Filter>Header Files\Core</Filter>
    </ClInclude>
    <ClInclude Include="KOD\ResourceHandler.h">
      <Filter>Header Files\ResourceManager</Filter>
    </ClInclude>
    <ClInclude Include="KOD\ResourceManager.h">
      <Filter>Header Files\ResourceManager</Filter>
    </ClInclude>
    <ClInclude Include="KOD\IObject.h">
      <Filter>Header Files\Object</Filter>
    </ClInclude>
    <ClInclude Include="KOD\Animation.h">
      <Filter>Header Files\Animation</Filter>
    </ClInclude>
    <ClInclude Include="KOD\AnimationController.h">
      <Filter>Header Files\Animation</Filter>
    </ClInclude>
    <ClInclude Include="KOD\Frame.h">
      <Filter>Header Files\Animation</Filter>
    </ClInclude>
    <ClInclude Include="KOD\Button.h">
      <Filter>Header Files\UI</Filter>
    </ClInclude>
    <ClInclude Include="KOD\UtilityTools.h">
      <Filter>Header Files\Utils</Filter>
    </ClInclude>
  </ItemGroup>
  <ItemGroup>
    <ClCompile Include="KOD\Collider.cpp">
      <Filter>Source Files</Filter>
    </ClCompile>
    <ClCompile Include="KOD\Game.cpp">
      <Filter>Source Files\Core</Filter>
    </ClCompile>
    <ClCompile Include="KOD\IState.cpp">
      <Filter>Source Files\Core</Filter>
    </ClCompile>
    <ClCompile Include="KOD\ResourceManager.cpp">
      <Filter>Source Files\ResourceManager</Filter>
    </ClCompile>
    <ClCompile Include="KOD\Animation.cpp">
      <Filter>Source Files\Animation</Filter>
    </ClCompile>
    <ClCompile Include="KOD\AnimationController.cpp">
      <Filter>Source Files\Animation</Filter>
    </ClCompile>
    <ClCompile Include="KOD\Frame.cpp">
      <Filter>Source Files\Animation</Filter>
    </ClCompile>
    <ClCompile Include="KOD\IObiect.cpp">
      <Filter>Source Files\Object</Filter>
    </ClCompile>
    <ClCompile Include="KOD\Button.cpp">
      <Filter>Source Files\UI</Filter>
    </ClCompile>
    <ClCompile Include="KOD\UtilityTools.cpp">
      <Filter>Source Files\Util</Filter>
    </ClCompile>
    <ClCompile Include="KOD\Settings.cpp">
      <Filter>Source Files\Core</Filter>
    </ClCompile>
  </ItemGroup>
</Project>